
Microsoft Visual Studio Solution File, Format Version 12.00
# Visual Studio 15
VisualStudioVersion = 15.0.28010.2046
MinimumVisualStudioVersion = 10.0.40219.1
Project("{8BC9CEB8-8B4A-11D0-8D11-00A0C91BC942}") = "EasyButton", "EasyButton\EasyButton.vcxproj", "{9E41AF0F-306D-481F-A168-AB0A6330C78D}"
EndProject
Global
	GlobalSection(SolutionConfigurationPlatforms) = preSolution
		Debug|ARM = Debug|ARM
		Release|ARM = Release|ARM
	EndGlobalSection
	GlobalSection(ProjectConfigurationPlatforms) = postSolution
		{9E41AF0F-306D-481F-A168-AB0A6330C78D}.Debug|ARM.ActiveCfg = Debug|ARM
		{9E41AF0F-306D-481F-A168-AB0A6330C78D}.Debug|ARM.Build.0 = Debug|ARM
		{9E41AF0F-306D-481F-A168-AB0A6330C78D}.Release|ARM.ActiveCfg = Release|ARM
		{9E41AF0F-306D-481F-A168-AB0A6330C78D}.Release|ARM.Build.0 = Release|ARM
	EndGlobalSection
	GlobalSection(SolutionProperties) = preSolution
		HideSolutionNode = FALSE
	EndGlobalSection
	GlobalSection(ExtensibilityGlobals) = postSolution
		SolutionGuid = {90FEEA25-ED0A-4138-9314-ACC03A5BF167}
	EndGlobalSection
EndGlobal
